
Microsoft Visual Studio Solution File, Format Version 12.00
# Visual Studio Version 17
VisualStudioVersion = 17.14.36414.22 d17.14
MinimumVisualStudioVersion = 10.0.40219.1
Project("{FAE04EC0-301F-11D3-BF4B-00C04F79EFBC}") = "ConsoleGame", "ConsoleGame.csproj", "{0D2DDDFF-3584-4E8A-9B84-B05A793E285E}"
EndProject
Global
	GlobalSection(SolutionConfigurationPlatforms) = preSolution
		Debug|Any CPU = Debug|Any CPU
		Release|Any CPU = Release|Any CPU
	EndGlobalSection
	GlobalSection(ProjectConfigurationPlatforms) = postSolution
		{0D2DDDFF-3584-4E8A-9B84-B05A793E285E}.Debug|Any CPU.ActiveCfg = Debug|Any CPU
		{0D2DDDFF-3584-4E8A-9B84-B05A793E285E}.Debug|Any CPU.Build.0 = Debug|Any CPU
		{0D2DDDFF-3584-4E8A-9B84-B05A793E285E}.Release|Any CPU.ActiveCfg = Release|Any CPU
		{0D2DDDFF-3584-4E8A-9B84-B05A793E285E}.Release|Any CPU.Build.0 = Release|Any CPU
	EndGlobalSection
	GlobalSection(SolutionProperties) = preSolution
		HideSolutionNode = FALSE
	EndGlobalSection
	GlobalSection(ExtensibilityGlobals) = postSolution
		SolutionGuid = {7E2FE703-3274-4B98-9F84-80681C8DAC62}
	EndGlobalSection
EndGlobal
